// !$*UTF8*$!
{
	archiveVersion = 1;
	classes = {
	};
	objectVersion = 46;
	objects = {

/* Begin PBXBuildFile section */
		B667F3BF158D26230085EC0A /* ApplicationServices.framework in Frameworks */ = {isa = PBXBuildFile; fileRef = B667F3BE158D26230085EC0A /* ApplicationServices.framework */; };
		B6684E5E157868EE00B38A1F /* Matatino.framework in Frameworks */ = {isa = PBXBuildFile; fileRef = B6684E5D157868E700B38A1F /* Matatino.framework */; };
		B6684E60157868FD00B38A1F /* Matatino.framework in CopyFiles */ = {isa = PBXBuildFile; fileRef = B6684E5D157868E700B38A1F /* Matatino.framework */; };
		B6698F991587BD410082D7F7 /* Icon.icns in Resources */ = {isa = PBXBuildFile; fileRef = B6698F981587BD410082D7F7 /* Icon.icns */; };
		B696F1FE15963CC000030A3A /* Sparkle.framework in Frameworks */ = {isa = PBXBuildFile; fileRef = B696F1FD15963CC000030A3A /* Sparkle.framework */; };
		B696F1FF15963DC100030A3A /* Sparkle.framework in CopyFiles */ = {isa = PBXBuildFile; fileRef = B696F1FD15963CC000030A3A /* Sparkle.framework */; };
		B696F20215963E7300030A3A /* dsa_pub.pem in Resources */ = {isa = PBXBuildFile; fileRef = B696F20115963E7200030A3A /* dsa_pub.pem */; };
		B6A4B8271577F36900CAAD94 /* Cocoa.framework in Frameworks */ = {isa = PBXBuildFile; fileRef = B6A4B8261577F36900CAAD94 /* Cocoa.framework */; };
		B6A4B8311577F36900CAAD94 /* InfoPlist.strings in Resources */ = {isa = PBXBuildFile; fileRef = B6A4B82F1577F36900CAAD94 /* InfoPlist.strings */; };
		B6A4B8331577F36900CAAD94 /* main.m in Sources */ = {isa = PBXBuildFile; fileRef = B6A4B8321577F36900CAAD94 /* main.m */; };
		B6A4B8371577F36900CAAD94 /* Credits.rtf in Resources */ = {isa = PBXBuildFile; fileRef = B6A4B8351577F36900CAAD94 /* Credits.rtf */; };
		B6A4B83A1577F36900CAAD94 /* AppDelegate.m in Sources */ = {isa = PBXBuildFile; fileRef = B6A4B8391577F36900CAAD94 /* AppDelegate.m */; };
		B6A4B83D1577F36A00CAAD94 /* MainMenu.xib in Resources */ = {isa = PBXBuildFile; fileRef = B6A4B83B1577F36A00CAAD94 /* MainMenu.xib */; };
		B6A4B84C1578069900CAAD94 /* Speaker.m in Sources */ = {isa = PBXBuildFile; fileRef = B6A4B84B1578069900CAAD94 /* Speaker.m */; };
/* End PBXBuildFile section */

/* Begin PBXContainerItemProxy section */
		B6684E5C157868E700B38A1F /* PBXContainerItemProxy */ = {
			isa = PBXContainerItemProxy;
			containerPortal = B6684E55157868E700B38A1F /* Matatino.xcodeproj */;
			proxyType = 2;
			remoteGlobalIDString = B6E03BB813F6BA7200E19A78;
			remoteInfo = Matatino;
		};
/* End PBXContainerItemProxy section */

/* Begin PBXCopyFilesBuildPhase section */
		B6684E5F157868F900B38A1F /* CopyFiles */ = {
			isa = PBXCopyFilesBuildPhase;
			buildActionMask = 2147483647;
			dstPath = "";
			dstSubfolderSpec = 10;
			files = (
				B6684E60157868FD00B38A1F /* Matatino.framework in CopyFiles */,
				B696F1FF15963DC100030A3A /* Sparkle.framework in CopyFiles */,
			);
			runOnlyForDeploymentPostprocessing = 0;
		};
/* End PBXCopyFilesBuildPhase section */

/* Begin PBXFileReference section */
		B667F3BE158D26230085EC0A /* ApplicationServices.framework */ = {isa = PBXFileReference; lastKnownFileType = wrapper.framework; name = ApplicationServices.framework; path = System/Library/Frameworks/ApplicationServices.framework; sourceTree = SDKROOT; };
		B6684E55157868E700B38A1F /* Matatino.xcodeproj */ = {isa = PBXFileReference; lastKnownFileType = "wrapper.pb-project"; name = Matatino.xcodeproj; path = "../Matatino 1.1 local no app/Matatino.xcodeproj"; sourceTree = "<group>"; };
		B6698F981587BD410082D7F7 /* Icon.icns */ = {isa = PBXFileReference; lastKnownFileType = image.icns; path = Icon.icns; sourceTree = "<group>"; };
		B6698F9A1587BEF40082D7F7 /* Speech for Arduino.entitlements */ = {isa = PBXFileReference; lastKnownFileType = text.xml; path = "Speech for Arduino.entitlements"; sourceTree = "<group>"; };
		B696F1FD15963CC000030A3A /* Sparkle.framework */ = {isa = PBXFileReference; lastKnownFileType = wrapper.framework; name = Sparkle.framework; path = Frameworks/Sparkle.framework; sourceTree = "<group>"; };
		B696F20115963E7200030A3A /* dsa_pub.pem */ = {isa = PBXFileReference; fileEncoding = 4; lastKnownFileType = text; path = dsa_pub.pem; sourceTree = "<group>"; };
		B6A4B8221577F36900CAAD94 /* Speech for Arduino.app */ = {isa = PBXFileReference; explicitFileType = wrapper.application; includeInIndex = 0; path = "Speech for Arduino.app"; sourceTree = BUILT_PRODUCTS_DIR; };
		B6A4B8261577F36900CAAD94 /* Cocoa.framework */ = {isa = PBXFileReference; lastKnownFileType = wrapper.framework; name = Cocoa.framework; path = System/Library/Frameworks/Cocoa.framework; sourceTree = SDKROOT; };
		B6A4B8291577F36900CAAD94 /* AppKit.framework */ = {isa = PBXFileReference; lastKnownFileType = wrapper.framework; name = AppKit.framework; path = System/Library/Frameworks/AppKit.framework; sourceTree = SDKROOT; };
		B6A4B82A1577F36900CAAD94 /* CoreData.framework */ = {isa = PBXFileReference; lastKnownFileType = wrapper.framework; name = CoreData.framework; path = System/Library/Frameworks/CoreData.framework; sourceTree = SDKROOT; };
		B6A4B82B1577F36900CAAD94 /* Foundation.framework */ = {isa = PBXFileReference; lastKnownFileType = wrapper.framework; name = Foundation.framework; path = System/Library/Frameworks/Foundation.framework; sourceTree = SDKROOT; };
		B6A4B82E1577F36900CAAD94 /* SpeechSynthesisForArduino-Info.plist */ = {isa = PBXFileReference; lastKnownFileType = text.plist.xml; path = "SpeechSynthesisForArduino-Info.plist"; sourceTree = "<group>"; };
		B6A4B8301577F36900CAAD94 /* en */ = {isa = PBXFileReference; lastKnownFileType = text.plist.strings; name = en; path = en.lproj/InfoPlist.strings; sourceTree = "<group>"; };
		B6A4B8321577F36900CAAD94 /* main.m */ = {isa = PBXFileReference; lastKnownFileType = sourcecode.c.objc; path = main.m; sourceTree = "<group>"; };
		B6A4B8341577F36900CAAD94 /* SpeechSynthesisForArduino-Prefix.pch */ = {isa = PBXFileReference; lastKnownFileType = sourcecode.c.h; path = "SpeechSynthesisForArduino-Prefix.pch"; sourceTree = "<group>"; };
		B6A4B8361577F36900CAAD94 /* en */ = {isa = PBXFileReference; lastKnownFileType = text.rtf; name = en; path = en.lproj/Credits.rtf; sourceTree = "<group>"; };
		B6A4B8381577F36900CAAD94 /* AppDelegate.h */ = {isa = PBXFileReference; lastKnownFileType = sourcecode.c.h; path = AppDelegate.h; sourceTree = "<group>"; };
		B6A4B8391577F36900CAAD94 /* AppDelegate.m */ = {isa = PBXFileReference; lastKnownFileType = sourcecode.c.objc; path = AppDelegate.m; sourceTree = "<group>"; };
		B6A4B83C1577F36A00CAAD94 /* en */ = {isa = PBXFileReference; lastKnownFileType = file.xib; name = en; path = en.lproj/MainMenu.xib; sourceTree = "<group>"; };
		B6A4B84A1578069900CAAD94 /* Speaker.h */ = {isa = PBXFileReference; fileEncoding = 4; lastKnownFileType = sourcecode.c.h; path = Speaker.h; sourceTree = "<group>"; };
		B6A4B84B1578069900CAAD94 /* Speaker.m */ = {isa = PBXFileReference; fileEncoding = 4; lastKnownFileType = sourcecode.c.objc; path = Speaker.m; sourceTree = "<group>"; };
/* End PBXFileReference section */

/* Begin PBXFrameworksBuildPhase section */
		B6A4B81F1577F36900CAAD94 /* Frameworks */ = {
			isa = PBXFrameworksBuildPhase;
			buildActionMask = 2147483647;
			files = (
				B667F3BF158D26230085EC0A /* ApplicationServices.framework in Frameworks */,
				B6A4B8271577F36900CAAD94 /* Cocoa.framework in Frameworks */,
				B6684E5E157868EE00B38A1F /* Matatino.framework in Frameworks */,
				B696F1FE15963CC000030A3A /* Sparkle.framework in Frameworks */,
			);
			runOnlyForDeploymentPostprocessing = 0;
		};
/* End PBXFrameworksBuildPhase section */

/* Begin PBXGroup section */
		B6684E56157868E700B38A1F /* Products */ = {
			isa = PBXGroup;
			children = (
				B6684E5D157868E700B38A1F /* Matatino.framework */,
			);
			name = Products;
			sourceTree = "<group>";
		};
		B696F20015963E7200030A3A /* Resources */ = {
			isa = PBXGroup;
			children = (
				B696F20115963E7200030A3A /* dsa_pub.pem */,
			);
			path = Resources;
			sourceTree = "<group>";
		};
		B6A4B8171577F36900CAAD94 = {
			isa = PBXGroup;
			children = (
				B696F20015963E7200030A3A /* Resources */,
				B6684E55157868E700B38A1F /* Matatino.xcodeproj */,
				B6A4B82C1577F36900CAAD94 /* SpeechSynthesisForArduino */,
				B6A4B8251577F36900CAAD94 /* Frameworks */,
				B6A4B8231577F36900CAAD94 /* Products */,
			);
			sourceTree = "<group>";
		};
		B6A4B8231577F36900CAAD94 /* Products */ = {
			isa = PBXGroup;
			children = (
				B6A4B8221577F36900CAAD94 /* Speech for Arduino.app */,
			);
			name = Products;
			sourceTree = "<group>";
		};
		B6A4B8251577F36900CAAD94 /* Frameworks */ = {
			isa = PBXGroup;
			children = (
				B696F1FD15963CC000030A3A /* Sparkle.framework */,
				B667F3BE158D26230085EC0A /* ApplicationServices.framework */,
				B6A4B8261577F36900CAAD94 /* Cocoa.framework */,
				B6A4B8281577F36900CAAD94 /* Other Frameworks */,
			);
			name = Frameworks;
			sourceTree = "<group>";
		};
		B6A4B8281577F36900CAAD94 /* Other Frameworks */ = {
			isa = PBXGroup;
			children = (
				B6A4B8291577F36900CAAD94 /* AppKit.framework */,
				B6A4B82A1577F36900CAAD94 /* CoreData.framework */,
				B6A4B82B1577F36900CAAD94 /* Foundation.framework */,
			);
			name = "Other Frameworks";
			sourceTree = "<group>";
		};
		B6A4B82C1577F36900CAAD94 /* SpeechSynthesisForArduino */ = {
			isa = PBXGroup;
			children = (
				B6698F9A1587BEF40082D7F7 /* Speech for Arduino.entitlements */,
				B6A4B8381577F36900CAAD94 /* AppDelegate.h */,
				B6A4B8391577F36900CAAD94 /* AppDelegate.m */,
				B6A4B84A1578069900CAAD94 /* Speaker.h */,
				B6A4B84B1578069900CAAD94 /* Speaker.m */,
				B6A4B83B1577F36A00CAAD94 /* MainMenu.xib */,
				B6A4B82D1577F36900CAAD94 /* Supporting Files */,
			);
			path = SpeechSynthesisForArduino;
			sourceTree = "<group>";
		};
		B6A4B82D1577F36900CAAD94 /* Supporting Files */ = {
			isa = PBXGroup;
			children = (
				B6698F981587BD410082D7F7 /* Icon.icns */,
				B6A4B82E1577F36900CAAD94 /* SpeechSynthesisForArduino-Info.plist */,
				B6A4B82F1577F36900CAAD94 /* InfoPlist.strings */,
				B6A4B8321577F36900CAAD94 /* main.m */,
				B6A4B8341577F36900CAAD94 /* SpeechSynthesisForArduino-Prefix.pch */,
				B6A4B8351577F36900CAAD94 /* Credits.rtf */,
			);
			name = "Supporting Files";
			sourceTree = "<group>";
		};
/* End PBXGroup section */

/* Begin PBXNativeTarget section */
		B6A4B8211577F36900CAAD94 /* SpeechSynthesisForArduino */ = {
			isa = PBXNativeTarget;
			buildConfigurationList = B6A4B8401577F36A00CAAD94 /* Build configuration list for PBXNativeTarget "SpeechSynthesisForArduino" */;
			buildPhases = (
				B6A4B81E1577F36900CAAD94 /* Sources */,
				B6A4B81F1577F36900CAAD94 /* Frameworks */,
				B6A4B8201577F36900CAAD94 /* Resources */,
				B6684E5F157868F900B38A1F /* CopyFiles */,
			);
			buildRules = (
			);
			dependencies = (
			);
			name = SpeechSynthesisForArduino;
			productName = SpeechSynthesisForArduino;
			productReference = B6A4B8221577F36900CAAD94 /* Speech for Arduino.app */;
			productType = "com.apple.product-type.application";
		};
/* End PBXNativeTarget section */

/* Begin PBXProject section */
		B6A4B8191577F36900CAAD94 /* Project object */ = {
			isa = PBXProject;
			attributes = {
				LastUpgradeCheck = 0430;
				ORGANIZATIONNAME = robotgrrl.com;
			};
			buildConfigurationList = B6A4B81C1577F36900CAAD94 /* Build configuration list for PBXProject "SpeechSynthesisForArduino" */;
			compatibilityVersion = "Xcode 3.2";
			developmentRegion = English;
			hasScannedForEncodings = 0;
			knownRegions = (
				en,
			);
			mainGroup = B6A4B8171577F36900CAAD94;
			productRefGroup = B6A4B8231577F36900CAAD94 /* Products */;
			projectDirPath = "";
			projectReferences = (
				{
					ProductGroup = B6684E56157868E700B38A1F /* Products */;
					ProjectRef = B6684E55157868E700B38A1F /* Matatino.xcodeproj */;
				},
			);
			projectRoot = "";
			targets = (
				B6A4B8211577F36900CAAD94 /* SpeechSynthesisForArduino */,
			);
		};
/* End PBXProject section */

/* Begin PBXReferenceProxy section */
		B6684E5D157868E700B38A1F /* Matatino.framework */ = {
			isa = PBXReferenceProxy;
			fileType = wrapper.framework;
			path = Matatino.framework;
			remoteRef = B6684E5C157868E700B38A1F /* PBXContainerItemProxy */;
			sourceTree = BUILT_PRODUCTS_DIR;
		};
/* End PBXReferenceProxy section */

/* Begin PBXResourcesBuildPhase section */
		B6A4B8201577F36900CAAD94 /* Resources */ = {
			isa = PBXResourcesBuildPhase;
			buildActionMask = 2147483647;
			files = (
				B6A4B8311577F36900CAAD94 /* InfoPlist.strings in Resources */,
				B6A4B8371577F36900CAAD94 /* Credits.rtf in Resources */,
				B6A4B83D1577F36A00CAAD94 /* MainMenu.xib in Resources */,
				B6698F991587BD410082D7F7 /* Icon.icns in Resources */,
				B696F20215963E7300030A3A /* dsa_pub.pem in Resources */,
			);
			runOnlyForDeploymentPostprocessing = 0;
		};
/* End PBXResourcesBuildPhase section */

/* Begin PBXSourcesBuildPhase section */
		B6A4B81E1577F36900CAAD94 /* Sources */ = {
			isa = PBXSourcesBuildPhase;
			buildActionMask = 2147483647;
			files = (
				B6A4B8331577F36900CAAD94 /* main.m in Sources */,
				B6A4B83A1577F36900CAAD94 /* AppDelegate.m in Sources */,
				B6A4B84C1578069900CAAD94 /* Speaker.m in Sources */,
			);
			runOnlyForDeploymentPostprocessing = 0;
		};
/* End PBXSourcesBuildPhase section */

/* Begin PBXVariantGroup section */
		B6A4B82F1577F36900CAAD94 /* InfoPlist.strings */ = {
			isa = PBXVariantGroup;
			children = (
				B6A4B8301577F36900CAAD94 /* en */,
			);
			name = InfoPlist.strings;
			sourceTree = "<group>";
		};
		B6A4B8351577F36900CAAD94 /* Credits.rtf */ = {
			isa = PBXVariantGroup;
			children = (
				B6A4B8361577F36900CAAD94 /* en */,
			);
			name = Credits.rtf;
			sourceTree = "<group>";
		};
		B6A4B83B1577F36A00CAAD94 /* MainMenu.xib */ = {
			isa = PBXVariantGroup;
			children = (
				B6A4B83C1577F36A00CAAD94 /* en */,
			);
			name = MainMenu.xib;
			sourceTree = "<group>";
		};
/* End PBXVariantGroup section */

/* Begin XCBuildConfiguration section */
		B6A4B83E1577F36A00CAAD94 /* Debug */ = {
			isa = XCBuildConfiguration;
			buildSettings = {
				ALWAYS_SEARCH_USER_PATHS = NO;
				ARCHS = "$(ARCHS_STANDARD_64_BIT)";
				COPY_PHASE_STRIP = NO;
				GCC_C_LANGUAGE_STANDARD = gnu99;
				GCC_DYNAMIC_NO_PIC = NO;
				GCC_ENABLE_OBJC_EXCEPTIONS = YES;
				GCC_OPTIMIZATION_LEVEL = 0;
				GCC_PREPROCESSOR_DEFINITIONS = (
					"DEBUG=1",
					"$(inherited)",
				);
				GCC_SYMBOLS_PRIVATE_EXTERN = NO;
				GCC_VERSION = com.apple.compilers.llvm.clang.1_0;
				GCC_WARN_64_TO_32_BIT_CONVERSION = YES;
				GCC_WARN_ABOUT_RETURN_TYPE = YES;
				GCC_WARN_UNINITIALIZED_AUTOS = YES;
				GCC_WARN_UNUSED_VARIABLE = YES;
				MACOSX_DEPLOYMENT_TARGET = 10.7;
				ONLY_ACTIVE_ARCH = YES;
				SDKROOT = macosx;
			};
			name = Debug;
		};
		B6A4B83F1577F36A00CAAD94 /* Release */ = {
			isa = XCBuildConfiguration;
			buildSettings = {
				ALWAYS_SEARCH_USER_PATHS = NO;
				ARCHS = "$(ARCHS_STANDARD_64_BIT)";
				COPY_PHASE_STRIP = YES;
				DEBUG_INFORMATION_FORMAT = "dwarf-with-dsym";
				GCC_C_LANGUAGE_STANDARD = gnu99;
				GCC_ENABLE_OBJC_EXCEPTIONS = YES;
				GCC_VERSION = com.apple.compilers.llvm.clang.1_0;
				GCC_WARN_64_TO_32_BIT_CONVERSION = YES;
				GCC_WARN_ABOUT_RETURN_TYPE = YES;
				GCC_WARN_UNINITIALIZED_AUTOS = YES;
				GCC_WARN_UNUSED_VARIABLE = YES;
				MACOSX_DEPLOYMENT_TARGET = 10.7;
				SDKROOT = macosx;
			};
			name = Release;
		};
		B6A4B8411577F36A00CAAD94 /* Debug */ = {
			isa = XCBuildConfiguration;
			buildSettings = {
				CODE_SIGN_IDENTITY = "3rd Party Mac Developer Application: CVL Wireless";
				FRAMEWORK_SEARCH_PATHS = (
					"$(inherited)",
					"\"$(SRCROOT)/Frameworks\"",
				);
				GCC_PRECOMPILE_PREFIX_HEADER = YES;
				GCC_PREFIX_HEADER = "SpeechSynthesisForArduino/SpeechSynthesisForArduino-Prefix.pch";
				INFOPLIST_FILE = "SpeechSynthesisForArduino/SpeechSynthesisForArduino-Info.plist";
				MACOSX_DEPLOYMENT_TARGET = 10.6;
				PRODUCT_NAME = "Speech for Arduino";
				PROVISIONING_PROFILE = "050E0FCA-0232-4EE6-9CA9-2A228EFCDA53";
				WRAPPER_EXTENSION = app;
			};
			name = Debug;
		};
		B6A4B8421577F36A00CAAD94 /* Release */ = {
			isa = XCBuildConfiguration;
			buildSettings = {
				CODE_SIGN_IDENTITY = "3rd Party Mac Developer Application: CVL Wireless";
				FRAMEWORK_SEARCH_PATHS = (
					"$(inherited)",
					"\"$(SRCROOT)/Frameworks\"",
				);
				GCC_PRECOMPILE_PREFIX_HEADER = YES;
				GCC_PREFIX_HEADER = "SpeechSynthesisForArduino/SpeechSynthesisForArduino-Prefix.pch";
				INFOPLIST_FILE = "SpeechSynthesisForArduino/SpeechSynthesisForArduino-Info.plist";
				MACOSX_DEPLOYMENT_TARGET = 10.6;
				PRODUCT_NAME = "Speech for Arduino";
				PROVISIONING_PROFILE = "050E0FCA-0232-4EE6-9CA9-2A228EFCDA53";
				WRAPPER_EXTENSION = app;
			};
			name = Release;
		};
/* End XCBuildConfiguration section */

/* Begin XCConfigurationList section */
		B6A4B81C1577F36900CAAD94 /* Build configuration list for PBXProject "SpeechSynthesisForArduino" */ = {
			isa = XCConfigurationList;
			buildConfigurations = (
				B6A4B83E1577F36A00CAAD94 /* Debug */,
				B6A4B83F1577F36A00CAAD94 /* Release */,
			);
			defaultConfigurationIsVisible = 0;
			defaultConfigurationName = Release;
		};
		B6A4B8401577F36A00CAAD94 /* Build configuration list for PBXNativeTarget "SpeechSynthesisForArduino" */ = {
			isa = XCConfigurationList;
			buildConfigurations = (
				B6A4B8411577F36A00CAAD94 /* Debug */,
				B6A4B8421577F36A00CAAD94 /* Release */,
			);
			defaultConfigurationIsVisible = 0;
			defaultConfigurationName = Release;
		};
/* End XCConfigurationList section */
	};
	rootObject = B6A4B8191577F36900CAAD94 /* Project object */;
}
